# This file is autogenerated, do not edit; changes may be undone by the next 'dep ensure'.


[[projects]]
  branch = "master"
  digest = "1:4b553eb8ff9edcec67903b9afab4e4af3bd2279906769d7d9583c871bd522a52"
  name = "github.com/BurntSushi/xgb"
  packages = [
    ".",
    "shape",
    "xinerama",
    "xproto",
  ]
  pruneopts = "T"
  revision = "27f122750802c950b2c869a5b63dafcf590ced95"

[[projects]]
  branch = "master"
  digest = "1:60e36d6e4eb06d940bfbfdf7afddc3cdf26f483fb0b8ebfd0d3c5fd10a95d987"
  name = "github.com/BurntSushi/xgbutil"
  packages = [
    ".",
    "ewmh",
    "xevent",
    "xprop",
  ]
  pruneopts = "T"
  revision = "f7c97cef3b4e6c88280a5a7091c3314e815ca243"

[[projects]]
  digest = "1:e92f5581902c345eb4ceffdcd4a854fb8f73cf436d47d837d1ec98ef1fe0a214"
  name = "github.com/StackExchange/wmi"
  packages = ["."]
  pruneopts = "T"
  revision = "5d049714c4a64225c3c79a7cf7d02f7fb5b96338"
  version = "1.0.0"

[[projects]]
  digest = "1:1d4f2ec0c1994e35e62fb7d2787ff8adcb38086089d8f663fe3444d6385de69a"
  name = "github.com/go-ole/go-ole"
  packages = [
    ".",
    "oleutil",
  ]
  pruneopts = "T"
  revision = "a41e3c4b706f6ae8dfbff342b06e40fa4d2d0506"
  version = "v1.2.1"

[[projects]]
  digest = "1:266c0ba1f102cf3b6827ec6283e5fabf24d11a69171a0e4894ebc5016d4f3329"
  name = "github.com/go-vgo/robotgo"
  packages = [
    ".",
    "clipboard",
  ]
  pruneopts = "T"
  revision = "01bee868bbf0f351a88ae32a5c31d2cef6b82699"
  version = "0.50.0"

[[projects]]
  branch = "master"
  digest = "1:fe2ae76c3067e286942934ebae3b9e6af25f7af88702c969981f4ca20ea16fe6"
  name = "github.com/lxn/win"
  packages = ["."]
  pruneopts = "T"
  revision = "7e1250ba2e7749fb9eb865da9ee93fb5a2fe73f1"

[[projects]]
  digest = "1:449d8c3eded00fc99e520b9d56f080f0f246f5b8716bbdbb9e8f514770d72e6c"
  name = "github.com/otiai10/gosseract"
  packages = ["."]
  pruneopts = "T"
  revision = "b026a6fd291f00736db60738f4e83a79d26359cb"
  version = "v2.2.0"

[[projects]]
  digest = "1:267c6a4d9d69c5d14f4f233d364a59eaea299ea17b29dfe9be07ce5226c19899"
  name = "github.com/shirou/gopsutil"
  packages = [
    "cpu",
    "host",
    "internal/common",
    "mem",
    "net",
    "process",
  ]
  pruneopts = "T"
  revision = "8048a2e9c5773235122027dd585cf821b2af1249"
  version = "v2.18.07"

[[projects]]
  branch = "master"
  digest = "1:99c6a6dab47067c9b898e8c8b13d130c6ab4ffbcc4b7cc6236c2cd0b1e344f5b"
  name = "github.com/shirou/w32"
  packages = ["."]
  pruneopts = "T"
  revision = "bb4de0191aa41b5507caa14b0650cdbddcd9280b"

[[projects]]
  branch = "master"
  digest = "1:8c70b0a4680616bf35cc1aba71bbf38afd9371df5f8f8804e4e01dce93dc3c62"
  name = "github.com/vcaesar/imgo"
  packages = ["."]
  pruneopts = "T"
  revision = "fece97d8745e9e2299516bf074772fccf03a53a5"

[[projects]]
  branch = "master"
  digest = "1:d3d40b0b54590e8128f50f10e8840c176276742b2b61906e8c757db25fa556f6"
  name = "golang.org/x/image"
  packages = ["bmp"]
  pruneopts = "T"
  revision = "c73c2afc3b812cdd6385de5a50616511c4a3d458"

[[projects]]
  branch = "master"
  digest = "1:48eb4c1ee454c1773f7f386352a86c81af842c5d6514f77b0c5833d3af88ffce"
  name = "golang.org/x/sys"
  packages = [
    "unix",
    "windows",
  ]
  pruneopts = "T"
  revision = "1c9583448a9c3aa0f9a6a5241bf73c0bd8aafded"

[solve-meta]
  analyzer-name = "dep"
  analyzer-version = 1
  input-imports = ["github.com/go-vgo/robotgo"]
  solver-name = "gps-cdcl"
  solver-version = 1
